// !$*UTF8*$!
{
	archiveVersion = 1;
	classes = {
	};
	objectVersion = 51;
	objects = {

/* Begin PBXBuildFile section */
		11E389FFFE5373791DA49D9E /* Pods_LinePlusChallenge.framework in Frameworks */ = {isa = PBXBuildFile; fileRef = D1396A54C19DE37A1BF6FB7F /* Pods_LinePlusChallenge.framework */; };
		E65CC26F23FCFE6400BE004E /* MemoAddControllerViewModel.swift in Sources */ = {isa = PBXBuildFile; fileRef = E65CC26E23FCFE6400BE004E /* MemoAddControllerViewModel.swift */; };
		E65CC27323FD130200BE004E /* MemoDetailPhotoCell.swift in Sources */ = {isa = PBXBuildFile; fileRef = E65CC27223FD130200BE004E /* MemoDetailPhotoCell.swift */; };
		E65CC27523FD132C00BE004E /* PhotoNestedCell.swift in Sources */ = {isa = PBXBuildFile; fileRef = E65CC27423FD132C00BE004E /* PhotoNestedCell.swift */; };
		E65CC27723FD136800BE004E /* MemoDetailTitleCell.swift in Sources */ = {isa = PBXBuildFile; fileRef = E65CC27623FD136800BE004E /* MemoDetailTitleCell.swift */; };
		E65CC27923FD138200BE004E /* MemoDetailContentCell.swift in Sources */ = {isa = PBXBuildFile; fileRef = E65CC27823FD138200BE004E /* MemoDetailContentCell.swift */; };
		E65CC27C23FD1AFE00BE004E /* Tools.swift in Sources */ = {isa = PBXBuildFile; fileRef = E65CC27B23FD1AFE00BE004E /* Tools.swift */; };
		E65CC27E23FD1B1C00BE004E /* Color.swift in Sources */ = {isa = PBXBuildFile; fileRef = E65CC27D23FD1B1C00BE004E /* Color.swift */; };
		E65CC28023FD1B2800BE004E /* Font.swift in Sources */ = {isa = PBXBuildFile; fileRef = E65CC27F23FD1B2800BE004E /* Font.swift */; };
		E65CC28223FD1DC600BE004E /* MemoDetailControllerViewModel.swift in Sources */ = {isa = PBXBuildFile; fileRef = E65CC28123FD1DC600BE004E /* MemoDetailControllerViewModel.swift */; };
		E65CC28423FE6DF400BE004E /* MemoDetailTitleCellViewModel.swift in Sources */ = {isa = PBXBuildFile; fileRef = E65CC28323FE6DF400BE004E /* MemoDetailTitleCellViewModel.swift */; };
		E65CC28623FE771E00BE004E /* MemoDetailContentCellViewModel.swift in Sources */ = {isa = PBXBuildFile; fileRef = E65CC28523FE771E00BE004E /* MemoDetailContentCellViewModel.swift */; };
		E65CC28823FEDDE800BE004E /* MemoAddPhotoCellViewModel.swift in Sources */ = {isa = PBXBuildFile; fileRef = E65CC28723FEDDE800BE004E /* MemoAddPhotoCellViewModel.swift */; };
		E65CC28A24014EE500BE004E /* MemoDetailPhotoCellViewModel.swift in Sources */ = {isa = PBXBuildFile; fileRef = E65CC28924014EE500BE004E /* MemoDetailPhotoCellViewModel.swift */; };
		E65CC28C2401543C00BE004E /* PhotoNestedCellViewModel.swift in Sources */ = {isa = PBXBuildFile; fileRef = E65CC28B2401543C00BE004E /* PhotoNestedCellViewModel.swift */; };
		E65CC28E24016C1C00BE004E /* PhotoNestedImageCellViewModel.swift in Sources */ = {isa = PBXBuildFile; fileRef = E65CC28D24016C1C00BE004E /* PhotoNestedImageCellViewModel.swift */; };
		E65CC29024024B2A00BE004E /* MemoModifyControllerViewModel.swift in Sources */ = {isa = PBXBuildFile; fileRef = E65CC28F24024B2A00BE004E /* MemoModifyControllerViewModel.swift */; };
		E65CC29224024C7300BE004E /* MemoModifyPhotoCell.swift in Sources */ = {isa = PBXBuildFile; fileRef = E65CC29124024C7300BE004E /* MemoModifyPhotoCell.swift */; };
		E65CC29424024C9000BE004E /* MemoModifyPhotoCellViewModel.swift in Sources */ = {isa = PBXBuildFile; fileRef = E65CC29324024C9000BE004E /* MemoModifyPhotoCellViewModel.swift */; };
		E65CC29624024D1A00BE004E /* MemoModifyTitleCell.swift in Sources */ = {isa = PBXBuildFile; fileRef = E65CC29524024D1A00BE004E /* MemoModifyTitleCell.swift */; };
		E65CC29824024D4C00BE004E /* MemoModifyContentCell.swift in Sources */ = {isa = PBXBuildFile; fileRef = E65CC29724024D4C00BE004E /* MemoModifyContentCell.swift */; };
		E65CC29E24024E2C00BE004E /* ModifyPhotoNestedAddCell.swift in Sources */ = {isa = PBXBuildFile; fileRef = E65CC29D24024E2C00BE004E /* ModifyPhotoNestedAddCell.swift */; };
		E65CC2A024024E4100BE004E /* ModifyPhotoNestedImageCellViewModel.swift in Sources */ = {isa = PBXBuildFile; fileRef = E65CC29F24024E4100BE004E /* ModifyPhotoNestedImageCellViewModel.swift */; };
		E65CC2A22402632700BE004E /* ModifyPhotoNestedImageCell.swift in Sources */ = {isa = PBXBuildFile; fileRef = E65CC2A12402632700BE004E /* ModifyPhotoNestedImageCell.swift */; };
		E65CC2A52402B92700BE004E /* MemoModifyTitleCellViewModel.swift in Sources */ = {isa = PBXBuildFile; fileRef = E65CC2A42402B92700BE004E /* MemoModifyTitleCellViewModel.swift */; };
		E65CC2A72402B93600BE004E /* MemoModifyContentCellViewModel.swift in Sources */ = {isa = PBXBuildFile; fileRef = E65CC2A62402B93600BE004E /* MemoModifyContentCellViewModel.swift */; };
		E670E03623F90785000A3FB3 /* PhotoNestedAddCell.swift in Sources */ = {isa = PBXBuildFile; fileRef = E670E03523F90785000A3FB3 /* PhotoNestedAddCell.swift */; };
		E670E03823F90816000A3FB3 /* CollectionViewCell.swift in Sources */ = {isa = PBXBuildFile; fileRef = E670E03723F90816000A3FB3 /* CollectionViewCell.swift */; };
		E670E03A23F91B7D000A3FB3 /* PhotoNestedImageCell.swift in Sources */ = {isa = PBXBuildFile; fileRef = E670E03923F91B7D000A3FB3 /* PhotoNestedImageCell.swift */; };
		E670E03C23F97270000A3FB3 /* MemoDAO.swift in Sources */ = {isa = PBXBuildFile; fileRef = E670E03B23F97270000A3FB3 /* MemoDAO.swift */; };
		E670E03F23FA8DB5000A3FB3 /* MemoModifyController.swift in Sources */ = {isa = PBXBuildFile; fileRef = E670E03E23FA8DB5000A3FB3 /* MemoModifyController.swift */; };
		E670E04123FBF466000A3FB3 /* MemoListControllerViewModel.swift in Sources */ = {isa = PBXBuildFile; fileRef = E670E04023FBF466000A3FB3 /* MemoListControllerViewModel.swift */; };
		E670E04323FC0662000A3FB3 /* MemoListCellViewModel.swift in Sources */ = {isa = PBXBuildFile; fileRef = E670E04223FC0662000A3FB3 /* MemoListCellViewModel.swift */; };
		E68949B823F5168B009C2D8A /* AppDelegate.swift in Sources */ = {isa = PBXBuildFile; fileRef = E68949B723F5168B009C2D8A /* AppDelegate.swift */; };
		E68949BC23F5168B009C2D8A /* ViewController.swift in Sources */ = {isa = PBXBuildFile; fileRef = E68949BB23F5168B009C2D8A /* ViewController.swift */; };
		E68949C223F5168B009C2D8A /* LinePlusChallenge.xcdatamodeld in Sources */ = {isa = PBXBuildFile; fileRef = E68949C023F5168B009C2D8A /* LinePlusChallenge.xcdatamodeld */; };
		E68949C423F5168C009C2D8A /* Assets.xcassets in Resources */ = {isa = PBXBuildFile; fileRef = E68949C323F5168C009C2D8A /* Assets.xcassets */; };
		E68949C723F5168C009C2D8A /* LaunchScreen.storyboard in Resources */ = {isa = PBXBuildFile; fileRef = E68949C523F5168C009C2D8A /* LaunchScreen.storyboard */; };
		E6B0566B23F66CB500825D8A /* MemoListCell.swift in Sources */ = {isa = PBXBuildFile; fileRef = E6B0566A23F66CB500825D8A /* MemoListCell.swift */; };
		E6B0566D23F66CD600825D8A /* TableViewCell.swift in Sources */ = {isa = PBXBuildFile; fileRef = E6B0566C23F66CD600825D8A /* TableViewCell.swift */; };
		E6B0567223F6819F00825D8A /* Application.swift in Sources */ = {isa = PBXBuildFile; fileRef = E6B0567123F6819F00825D8A /* Application.swift */; };
		E6B0567423F6836D00825D8A /* Navigator.swift in Sources */ = {isa = PBXBuildFile; fileRef = E6B0567323F6836D00825D8A /* Navigator.swift */; };
		E6B0567623F6847200825D8A /* NavigationController.swift in Sources */ = {isa = PBXBuildFile; fileRef = E6B0567523F6847200825D8A /* NavigationController.swift */; };
		E6B0567923F6964C00825D8A /* MemoAddController.swift in Sources */ = {isa = PBXBuildFile; fileRef = E6B0567823F6964C00825D8A /* MemoAddController.swift */; };
		E6B0567C23F6BFD200825D8A /* MemoData.swift in Sources */ = {isa = PBXBuildFile; fileRef = E6B0567B23F6BFD200825D8A /* MemoData.swift */; };
		E6B0567E23F6CEAC00825D8A /* MemoAddPhotoCell.swift in Sources */ = {isa = PBXBuildFile; fileRef = E6B0567D23F6CEAC00825D8A /* MemoAddPhotoCell.swift */; };
		E6B0568023F6CFA300825D8A /* MemoAddTitleCell.swift in Sources */ = {isa = PBXBuildFile; fileRef = E6B0567F23F6CFA300825D8A /* MemoAddTitleCell.swift */; };
		E6CF442423F7CD5700D1E29A /* MemoAddContentCell.swift in Sources */ = {isa = PBXBuildFile; fileRef = E6CF442323F7CD5700D1E29A /* MemoAddContentCell.swift */; };
		E6CF442723F7DBF400D1E29A /* MemoDetailController.swift in Sources */ = {isa = PBXBuildFile; fileRef = E6CF442623F7DBF400D1E29A /* MemoDetailController.swift */; };
		E6FD33F523F66A19008DD912 /* MemoListController.swift in Sources */ = {isa = PBXBuildFile; fileRef = E6FD33F423F66A19008DD912 /* MemoListController.swift */; };
/* End PBXBuildFile section */

/* Begin PBXFileReference section */
		5FA6419E8CD1DAA7AC2B7EEB /* Pods-LinePlusChallenge.debug.xcconfig */ = {isa = PBXFileReference; includeInIndex = 1; lastKnownFileType = text.xcconfig; name = "Pods-LinePlusChallenge.debug.xcconfig"; path = "Target Support Files/Pods-LinePlusChallenge/Pods-LinePlusChallenge.debug.xcconfig"; sourceTree = "<group>"; };
		A91438728A8D1EB02D93FF71 /* Pods-LinePlusChallenge.release.xcconfig */ = {isa = PBXFileReference; includeInIndex = 1; lastKnownFileType = text.xcconfig; name = "Pods-LinePlusChallenge.release.xcconfig"; path = "Target Support Files/Pods-LinePlusChallenge/Pods-LinePlusChallenge.release.xcconfig"; sourceTree = "<group>"; };
		D1396A54C19DE37A1BF6FB7F /* Pods_LinePlusChallenge.framework */ = {isa = PBXFileReference; explicitFileType = wrapper.framework; includeInIndex = 0; path = Pods_LinePlusChallenge.framework; sourceTree = BUILT_PRODUCTS_DIR; };
		E65CC26E23FCFE6400BE004E /* MemoAddControllerViewModel.swift */ = {isa = PBXFileReference; lastKnownFileType = sourcecode.swift; path = MemoAddControllerViewModel.swift; sourceTree = "<group>"; };
		E65CC27223FD130200BE004E /* MemoDetailPhotoCell.swift */ = {isa = PBXFileReference; lastKnownFileType = sourcecode.swift; path = MemoDetailPhotoCell.swift; sourceTree = "<group>"; };
		E65CC27423FD132C00BE004E /* PhotoNestedCell.swift */ = {isa = PBXFileReference; lastKnownFileType = sourcecode.swift; path = PhotoNestedCell.swift; sourceTree = "<group>"; };
		E65CC27623FD136800BE004E /* MemoDetailTitleCell.swift */ = {isa = PBXFileReference; lastKnownFileType = sourcecode.swift; path = MemoDetailTitleCell.swift; sourceTree = "<group>"; };
		E65CC27823FD138200BE004E /* MemoDetailContentCell.swift */ = {isa = PBXFileReference; lastKnownFileType = sourcecode.swift; path = MemoDetailContentCell.swift; sourceTree = "<group>"; };
		E65CC27B23FD1AFE00BE004E /* Tools.swift */ = {isa = PBXFileReference; lastKnownFileType = sourcecode.swift; path = Tools.swift; sourceTree = "<group>"; };
		E65CC27D23FD1B1C00BE004E /* Color.swift */ = {isa = PBXFileReference; lastKnownFileType = sourcecode.swift; path = Color.swift; sourceTree = "<group>"; };
		E65CC27F23FD1B2800BE004E /* Font.swift */ = {isa = PBXFileReference; lastKnownFileType = sourcecode.swift; path = Font.swift; sourceTree = "<group>"; };
		E65CC28123FD1DC600BE004E /* MemoDetailControllerViewModel.swift */ = {isa = PBXFileReference; lastKnownFileType = sourcecode.swift; path = MemoDetailControllerViewModel.swift; sourceTree = "<group>"; };
		E65CC28323FE6DF400BE004E /* MemoDetailTitleCellViewModel.swift */ = {isa = PBXFileReference; lastKnownFileType = sourcecode.swift; path = MemoDetailTitleCellViewModel.swift; sourceTree = "<group>"; };
		E65CC28523FE771E00BE004E /* MemoDetailContentCellViewModel.swift */ = {isa = PBXFileReference; lastKnownFileType = sourcecode.swift; path = MemoDetailContentCellViewModel.swift; sourceTree = "<group>"; };
		E65CC28723FEDDE800BE004E /* MemoAddPhotoCellViewModel.swift */ = {isa = PBXFileReference; lastKnownFileType = sourcecode.swift; path = MemoAddPhotoCellViewModel.swift; sourceTree = "<group>"; };
		E65CC28924014EE500BE004E /* MemoDetailPhotoCellViewModel.swift */ = {isa = PBXFileReference; lastKnownFileType = sourcecode.swift; path = MemoDetailPhotoCellViewModel.swift; sourceTree = "<group>"; };
		E65CC28B2401543C00BE004E /* PhotoNestedCellViewModel.swift */ = {isa = PBXFileReference; lastKnownFileType = sourcecode.swift; path = PhotoNestedCellViewModel.swift; sourceTree = "<group>"; };
		E65CC28D24016C1C00BE004E /* PhotoNestedImageCellViewModel.swift */ = {isa = PBXFileReference; lastKnownFileType = sourcecode.swift; path = PhotoNestedImageCellViewModel.swift; sourceTree = "<group>"; };
		E65CC28F24024B2A00BE004E /* MemoModifyControllerViewModel.swift */ = {isa = PBXFileReference; lastKnownFileType = sourcecode.swift; path = MemoModifyControllerViewModel.swift; sourceTree = "<group>"; };
		E65CC29124024C7300BE004E /* MemoModifyPhotoCell.swift */ = {isa = PBXFileReference; lastKnownFileType = sourcecode.swift; path = MemoModifyPhotoCell.swift; sourceTree = "<group>"; };
		E65CC29324024C9000BE004E /* MemoModifyPhotoCellViewModel.swift */ = {isa = PBXFileReference; lastKnownFileType = sourcecode.swift; path = MemoModifyPhotoCellViewModel.swift; sourceTree = "<group>"; };
		E65CC29524024D1A00BE004E /* MemoModifyTitleCell.swift */ = {isa = PBXFileReference; lastKnownFileType = sourcecode.swift; path = MemoModifyTitleCell.swift; sourceTree = "<group>"; };
		E65CC29724024D4C00BE004E /* MemoModifyContentCell.swift */ = {isa = PBXFileReference; lastKnownFileType = sourcecode.swift; path = MemoModifyContentCell.swift; sourceTree = "<group>"; };
		E65CC29D24024E2C00BE004E /* ModifyPhotoNestedAddCell.swift */ = {isa = PBXFileReference; lastKnownFileType = sourcecode.swift; path = ModifyPhotoNestedAddCell.swift; sourceTree = "<group>"; };
		E65CC29F24024E4100BE004E /* ModifyPhotoNestedImageCellViewModel.swift */ = {isa = PBXFileReference; lastKnownFileType = sourcecode.swift; path = ModifyPhotoNestedImageCellViewModel.swift; sourceTree = "<group>"; };
		E65CC2A12402632700BE004E /* ModifyPhotoNestedImageCell.swift */ = {isa = PBXFileReference; lastKnownFileType = sourcecode.swift; path = ModifyPhotoNestedImageCell.swift; sourceTree = "<group>"; };
		E65CC2A42402B92700BE004E /* MemoModifyTitleCellViewModel.swift */ = {isa = PBXFileReference; lastKnownFileType = sourcecode.swift; path = MemoModifyTitleCellViewModel.swift; sourceTree = "<group>"; };
		E65CC2A62402B93600BE004E /* MemoModifyContentCellViewModel.swift */ = {isa = PBXFileReference; lastKnownFileType = sourcecode.swift; path = MemoModifyContentCellViewModel.swift; sourceTree = "<group>"; };
		E670E03523F90785000A3FB3 /* PhotoNestedAddCell.swift */ = {isa = PBXFileReference; lastKnownFileType = sourcecode.swift; path = PhotoNestedAddCell.swift; sourceTree = "<group>"; };
		E670E03723F90816000A3FB3 /* CollectionViewCell.swift */ = {isa = PBXFileReference; lastKnownFileType = sourcecode.swift; path = CollectionViewCell.swift; sourceTree = "<group>"; };
		E670E03923F91B7D000A3FB3 /* PhotoNestedImageCell.swift */ = {isa = PBXFileReference; lastKnownFileType = sourcecode.swift; path = PhotoNestedImageCell.swift; sourceTree = "<group>"; };
		E670E03B23F97270000A3FB3 /* MemoDAO.swift */ = {isa = PBXFileReference; lastKnownFileType = sourcecode.swift; path = MemoDAO.swift; sourceTree = "<group>"; };
		E670E03E23FA8DB5000A3FB3 /* MemoModifyController.swift */ = {isa = PBXFileReference; lastKnownFileType = sourcecode.swift; path = MemoModifyController.swift; sourceTree = "<group>"; };
		E670E04023FBF466000A3FB3 /* MemoListControllerViewModel.swift */ = {isa = PBXFileReference; lastKnownFileType = sourcecode.swift; path = MemoListControllerViewModel.swift; sourceTree = "<group>"; };
		E670E04223FC0662000A3FB3 /* MemoListCellViewModel.swift */ = {isa = PBXFileReference; lastKnownFileType = sourcecode.swift; path = MemoListCellViewModel.swift; sourceTree = "<group>"; };
		E68949B423F5168B009C2D8A /* LinePlusChallenge.app */ = {isa = PBXFileReference; explicitFileType = wrapper.application; includeInIndex = 0; path = LinePlusChallenge.app; sourceTree = BUILT_PRODUCTS_DIR; };
		E68949B723F5168B009C2D8A /* AppDelegate.swift */ = {isa = PBXFileReference; lastKnownFileType = sourcecode.swift; path = AppDelegate.swift; sourceTree = "<group>"; };
		E68949BB23F5168B009C2D8A /* ViewController.swift */ = {isa = PBXFileReference; lastKnownFileType = sourcecode.swift; path = ViewController.swift; sourceTree = "<group>"; };
		E68949C123F5168B009C2D8A /* LinePlusChallenge.xcdatamodel */ = {isa = PBXFileReference; lastKnownFileType = wrapper.xcdatamodel; path = LinePlusChallenge.xcdatamodel; sourceTree = "<group>"; };
		E68949C323F5168C009C2D8A /* Assets.xcassets */ = {isa = PBXFileReference; lastKnownFileType = folder.assetcatalog; path = Assets.xcassets; sourceTree = "<group>"; };
		E68949C623F5168C009C2D8A /* Base */ = {isa = PBXFileReference; lastKnownFileType = file.storyboard; name = Base; path = Base.lproj/LaunchScreen.storyboard; sourceTree = "<group>"; };
		E68949C823F5168C009C2D8A /* Info.plist */ = {isa = PBXFileReference; lastKnownFileType = text.plist.xml; path = Info.plist; sourceTree = "<group>"; };
		E6B0566A23F66CB500825D8A /* MemoListCell.swift */ = {isa = PBXFileReference; lastKnownFileType = sourcecode.swift; path = MemoListCell.swift; sourceTree = "<group>"; };
		E6B0566C23F66CD600825D8A /* TableViewCell.swift */ = {isa = PBXFileReference; lastKnownFileType = sourcecode.swift; path = TableViewCell.swift; sourceTree = "<group>"; };
		E6B0567123F6819F00825D8A /* Application.swift */ = {isa = PBXFileReference; lastKnownFileType = sourcecode.swift; path = Application.swift; sourceTree = "<group>"; };
		E6B0567323F6836D00825D8A /* Navigator.swift */ = {isa = PBXFileReference; lastKnownFileType = sourcecode.swift; path = Navigator.swift; sourceTree = "<group>"; };
		E6B0567523F6847200825D8A /* NavigationController.swift */ = {isa = PBXFileReference; lastKnownFileType = sourcecode.swift; path = NavigationController.swift; sourceTree = "<group>"; };
		E6B0567823F6964C00825D8A /* MemoAddController.swift */ = {isa = PBXFileReference; lastKnownFileType = sourcecode.swift; path = MemoAddController.swift; sourceTree = "<group>"; };
		E6B0567B23F6BFD200825D8A /* MemoData.swift */ = {isa = PBXFileReference; lastKnownFileType = sourcecode.swift; path = MemoData.swift; sourceTree = "<group>"; };
		E6B0567D23F6CEAC00825D8A /* MemoAddPhotoCell.swift */ = {isa = PBXFileReference; lastKnownFileType = sourcecode.swift; path = MemoAddPhotoCell.swift; sourceTree = "<group>"; };
		E6B0567F23F6CFA300825D8A /* MemoAddTitleCell.swift */ = {isa = PBXFileReference; lastKnownFileType = sourcecode.swift; path = MemoAddTitleCell.swift; sourceTree = "<group>"; };
		E6CF442323F7CD5700D1E29A /* MemoAddContentCell.swift */ = {isa = PBXFileReference; lastKnownFileType = sourcecode.swift; path = MemoAddContentCell.swift; sourceTree = "<group>"; };
		E6CF442623F7DBF400D1E29A /* MemoDetailController.swift */ = {isa = PBXFileReference; lastKnownFileType = sourcecode.swift; path = MemoDetailController.swift; sourceTree = "<group>"; };
		E6FD33F423F66A19008DD912 /* MemoListController.swift */ = {isa = PBXFileReference; lastKnownFileType = sourcecode.swift; path = MemoListController.swift; sourceTree = "<group>"; };
/* End PBXFileReference section */

/* Begin PBXFrameworksBuildPhase section */
		E68949B123F5168B009C2D8A /* Frameworks */ = {
			isa = PBXFrameworksBuildPhase;
			buildActionMask = 2147483647;
			files = (
				11E389FFFE5373791DA49D9E /* Pods_LinePlusChallenge.framework in Frameworks */,
			);
			runOnlyForDeploymentPostprocessing = 0;
		};
/* End PBXFrameworksBuildPhase section */

/* Begin PBXGroup section */
		C0D7F9E0A4BF7CD37091E656 /* Frameworks */ = {
			isa = PBXGroup;
			children = (
				D1396A54C19DE37A1BF6FB7F /* Pods_LinePlusChallenge.framework */,
			);
			name = Frameworks;
			sourceTree = "<group>";
		};
		D9867996C48F40B81CE6E5CE /* Pods */ = {
			isa = PBXGroup;
			children = (
				5FA6419E8CD1DAA7AC2B7EEB /* Pods-LinePlusChallenge.debug.xcconfig */,
				A91438728A8D1EB02D93FF71 /* Pods-LinePlusChallenge.release.xcconfig */,
			);
			path = Pods;
			sourceTree = "<group>";
		};
		E65CC27A23FD183E00BE004E /* Tools */ = {
			isa = PBXGroup;
			children = (
				E65CC27B23FD1AFE00BE004E /* Tools.swift */,
				E65CC27D23FD1B1C00BE004E /* Color.swift */,
				E65CC27F23FD1B2800BE004E /* Font.swift */,
			);
			path = Tools;
			sourceTree = "<group>";
		};
		E670E03D23FA8D3D000A3FB3 /* MemoModify */ = {
			isa = PBXGroup;
			children = (
				E670E03E23FA8DB5000A3FB3 /* MemoModifyController.swift */,
				E65CC28F24024B2A00BE004E /* MemoModifyControllerViewModel.swift */,
				E65CC29124024C7300BE004E /* MemoModifyPhotoCell.swift */,
				E65CC29324024C9000BE004E /* MemoModifyPhotoCellViewModel.swift */,
				E65CC29D24024E2C00BE004E /* ModifyPhotoNestedAddCell.swift */,
				E65CC2A12402632700BE004E /* ModifyPhotoNestedImageCell.swift */,
				E65CC29F24024E4100BE004E /* ModifyPhotoNestedImageCellViewModel.swift */,
				E65CC29524024D1A00BE004E /* MemoModifyTitleCell.swift */,
				E65CC2A42402B92700BE004E /* MemoModifyTitleCellViewModel.swift */,
				E65CC29724024D4C00BE004E /* MemoModifyContentCell.swift */,
				E65CC2A62402B93600BE004E /* MemoModifyContentCellViewModel.swift */,
			);
			path = MemoModify;
			sourceTree = "<group>";
		};
		E68949AB23F5168B009C2D8A = {
			isa = PBXGroup;
			children = (
				E68949B623F5168B009C2D8A /* LinePlusChallenge */,
				E68949B523F5168B009C2D8A /* Products */,
				D9867996C48F40B81CE6E5CE /* Pods */,
				C0D7F9E0A4BF7CD37091E656 /* Frameworks */,
			);
			sourceTree = "<group>";
		};
		E68949B523F5168B009C2D8A /* Products */ = {
			isa = PBXGroup;
			children = (
				E68949B423F5168B009C2D8A /* LinePlusChallenge.app */,
			);
			name = Products;
			sourceTree = "<group>";
		};
		E68949B623F5168B009C2D8A /* LinePlusChallenge */ = {
			isa = PBXGroup;
			children = (
				E6B0566F23F6779A00825D8A /* Core */,
				E6B0567A23F6BFAB00825D8A /* Model */,
				E6B0567023F677A200825D8A /* Base */,
				E6B0566E23F6778500825D8A /* MemoList */,
				E6B0567723F6961F00825D8A /* MemoAdd */,
				E6CF442523F7DBD600D1E29A /* MemoDetail */,
				E670E03D23FA8D3D000A3FB3 /* MemoModify */,
				E65CC27A23FD183E00BE004E /* Tools */,
				E68949C323F5168C009C2D8A /* Assets.xcassets */,
				E68949C523F5168C009C2D8A /* LaunchScreen.storyboard */,
				E68949C823F5168C009C2D8A /* Info.plist */,
				E68949C023F5168B009C2D8A /* LinePlusChallenge.xcdatamodeld */,
			);
			path = LinePlusChallenge;
			sourceTree = "<group>";
		};
		E6B0566E23F6778500825D8A /* MemoList */ = {
			isa = PBXGroup;
			children = (
				E6FD33F423F66A19008DD912 /* MemoListController.swift */,
				E670E04023FBF466000A3FB3 /* MemoListControllerViewModel.swift */,
				E6B0566A23F66CB500825D8A /* MemoListCell.swift */,
				E670E04223FC0662000A3FB3 /* MemoListCellViewModel.swift */,
			);
			path = MemoList;
			sourceTree = "<group>";
		};
		E6B0566F23F6779A00825D8A /* Core */ = {
			isa = PBXGroup;
			children = (
				E68949B723F5168B009C2D8A /* AppDelegate.swift */,
				E6B0567123F6819F00825D8A /* Application.swift */,
				E6B0567323F6836D00825D8A /* Navigator.swift */,
			);
			path = Core;
			sourceTree = "<group>";
		};
		E6B0567023F677A200825D8A /* Base */ = {
			isa = PBXGroup;
			children = (
				E6B0567523F6847200825D8A /* NavigationController.swift */,
				E68949BB23F5168B009C2D8A /* ViewController.swift */,
				E6B0566C23F66CD600825D8A /* TableViewCell.swift */,
				E670E03723F90816000A3FB3 /* CollectionViewCell.swift */,
			);
			path = Base;
			sourceTree = "<group>";
		};
		E6B0567723F6961F00825D8A /* MemoAdd */ = {
			isa = PBXGroup;
			children = (
				E6B0567823F6964C00825D8A /* MemoAddController.swift */,
				E65CC26E23FCFE6400BE004E /* MemoAddControllerViewModel.swift */,
				E6B0567D23F6CEAC00825D8A /* MemoAddPhotoCell.swift */,
				E65CC28723FEDDE800BE004E /* MemoAddPhotoCellViewModel.swift */,
				E670E03523F90785000A3FB3 /* PhotoNestedAddCell.swift */,
				E670E03923F91B7D000A3FB3 /* PhotoNestedImageCell.swift */,
				E65CC28D24016C1C00BE004E /* PhotoNestedImageCellViewModel.swift */,
				E6B0567F23F6CFA300825D8A /* MemoAddTitleCell.swift */,
				E6CF442323F7CD5700D1E29A /* MemoAddContentCell.swift */,
			);
			path = MemoAdd;
			sourceTree = "<group>";
		};
		E6B0567A23F6BFAB00825D8A /* Model */ = {
			isa = PBXGroup;
			children = (
				E6B0567B23F6BFD200825D8A /* MemoData.swift */,
				E670E03B23F97270000A3FB3 /* MemoDAO.swift */,
			);
			path = Model;
			sourceTree = "<group>";
		};
		E6CF442523F7DBD600D1E29A /* MemoDetail */ = {
			isa = PBXGroup;
			children = (
				E6CF442623F7DBF400D1E29A /* MemoDetailController.swift */,
				E65CC28123FD1DC600BE004E /* MemoDetailControllerViewModel.swift */,
				E65CC27223FD130200BE004E /* MemoDetailPhotoCell.swift */,
				E65CC28924014EE500BE004E /* MemoDetailPhotoCellViewModel.swift */,
				E65CC27423FD132C00BE004E /* PhotoNestedCell.swift */,
				E65CC28B2401543C00BE004E /* PhotoNestedCellViewModel.swift */,
				E65CC27623FD136800BE004E /* MemoDetailTitleCell.swift */,
				E65CC28323FE6DF400BE004E /* MemoDetailTitleCellViewModel.swift */,
				E65CC27823FD138200BE004E /* MemoDetailContentCell.swift */,
				E65CC28523FE771E00BE004E /* MemoDetailContentCellViewModel.swift */,
			);
			path = MemoDetail;
			sourceTree = "<group>";
		};
/* End PBXGroup section */

/* Begin PBXNativeTarget section */
		E68949B323F5168B009C2D8A /* LinePlusChallenge */ = {
			isa = PBXNativeTarget;
			buildConfigurationList = E68949CB23F5168C009C2D8A /* Build configuration list for PBXNativeTarget "LinePlusChallenge" */;
			buildPhases = (
				7FD13DC035C4F84227FECBC4 /* [CP] Check Pods Manifest.lock */,
				E68949B023F5168B009C2D8A /* Sources */,
				E68949B123F5168B009C2D8A /* Frameworks */,
				E68949B223F5168B009C2D8A /* Resources */,
				340B74FDCB713C832DFF7B48 /* [CP] Embed Pods Frameworks */,
			);
			buildRules = (
			);
			dependencies = (
			);
			name = LinePlusChallenge;
			productName = LinePlusChallenge;
			productReference = E68949B423F5168B009C2D8A /* LinePlusChallenge.app */;
			productType = "com.apple.product-type.application";
		};
/* End PBXNativeTarget section */

/* Begin PBXProject section */
		E68949AC23F5168B009C2D8A /* Project object */ = {
			isa = PBXProject;
			attributes = {
				LastSwiftUpdateCheck = 1130;
				LastUpgradeCheck = 1130;
				ORGANIZATIONNAME = INSWAG;
				TargetAttributes = {
					E68949B323F5168B009C2D8A = {
						CreatedOnToolsVersion = 11.3.1;
					};
				};
			};
			buildConfigurationList = E68949AF23F5168B009C2D8A /* Build configuration list for PBXProject "LinePlusChallenge" */;
			compatibilityVersion = "Xcode 9.3";
			developmentRegion = en;
			hasScannedForEncodings = 0;
			knownRegions = (
				en,
				Base,
			);
			mainGroup = E68949AB23F5168B009C2D8A;
			productRefGroup = E68949B523F5168B009C2D8A /* Products */;
			projectDirPath = "";
			projectRoot = "";
			targets = (
				E68949B323F5168B009C2D8A /* LinePlusChallenge */,
			);
		};
/* End PBXProject section */

/* Begin PBXResourcesBuildPhase section */
		E68949B223F5168B009C2D8A /* Resources */ = {
			isa = PBXResourcesBuildPhase;
			buildActionMask = 2147483647;
			files = (
				E68949C723F5168C009C2D8A /* LaunchScreen.storyboard in Resources */,
				E68949C423F5168C009C2D8A /* Assets.xcassets in Resources */,
			);
			runOnlyForDeploymentPostprocessing = 0;
		};
/* End PBXResourcesBuildPhase section */

/* Begin PBXShellScriptBuildPhase section */
		340B74FDCB713C832DFF7B48 /* [CP] Embed Pods Frameworks */ = {
			isa = PBXShellScriptBuildPhase;
			buildActionMask = 2147483647;
			files = (
			);
			inputFileListPaths = (
				"${PODS_ROOT}/Target Support Files/Pods-LinePlusChallenge/Pods-LinePlusChallenge-frameworks-${CONFIGURATION}-input-files.xcfilelist",
			);
			name = "[CP] Embed Pods Frameworks";
			outputFileListPaths = (
				"${PODS_ROOT}/Target Support Files/Pods-LinePlusChallenge/Pods-LinePlusChallenge-frameworks-${CONFIGURATION}-output-files.xcfilelist",
			);
			runOnlyForDeploymentPostprocessing = 0;
			shellPath = /bin/sh;
			shellScript = "\"${PODS_ROOT}/Target Support Files/Pods-LinePlusChallenge/Pods-LinePlusChallenge-frameworks.sh\"\n";
			showEnvVarsInLog = 0;
		};
		7FD13DC035C4F84227FECBC4 /* [CP] Check Pods Manifest.lock */ = {
			isa = PBXShellScriptBuildPhase;
			buildActionMask = 2147483647;
			files = (
			);
			inputFileListPaths = (
			);
			inputPaths = (
				"${PODS_PODFILE_DIR_PATH}/Podfile.lock",
				"${PODS_ROOT}/Manifest.lock",
			);
			name = "[CP] Check Pods Manifest.lock";
			outputFileListPaths = (
			);
			outputPaths = (
				"$(DERIVED_FILE_DIR)/Pods-LinePlusChallenge-checkManifestLockResult.txt",
			);
			runOnlyForDeploymentPostprocessing = 0;
			shellPath = /bin/sh;
			shellScript = "diff \"${PODS_PODFILE_DIR_PATH}/Podfile.lock\" \"${PODS_ROOT}/Manifest.lock\" > /dev/null\nif [ $? != 0 ] ; then\n    # print error to STDERR\n    echo \"error: The sandbox is not in sync with the Podfile.lock. Run 'pod install' or update your CocoaPods installation.\" >&2\n    exit 1\nfi\n# This output is used by Xcode 'outputs' to avoid re-running this script phase.\necho \"SUCCESS\" > \"${SCRIPT_OUTPUT_FILE_0}\"\n";
			showEnvVarsInLog = 0;
		};
/* End PBXShellScriptBuildPhase section */

/* Begin PBXSourcesBuildPhase section */
		E68949B023F5168B009C2D8A /* Sources */ = {
			isa = PBXSourcesBuildPhase;
			buildActionMask = 2147483647;
			files = (
				E65CC27323FD130200BE004E /* MemoDetailPhotoCell.swift in Sources */,
				E65CC28623FE771E00BE004E /* MemoDetailContentCellViewModel.swift in Sources */,
				E65CC27723FD136800BE004E /* MemoDetailTitleCell.swift in Sources */,
				E65CC28023FD1B2800BE004E /* Font.swift in Sources */,
				E6FD33F523F66A19008DD912 /* MemoListController.swift in Sources */,
				E6B0567223F6819F00825D8A /* Application.swift in Sources */,
				E670E03823F90816000A3FB3 /* CollectionViewCell.swift in Sources */,
				E65CC28823FEDDE800BE004E /* MemoAddPhotoCellViewModel.swift in Sources */,
				E65CC28A24014EE500BE004E /* MemoDetailPhotoCellViewModel.swift in Sources */,
				E68949BC23F5168B009C2D8A /* ViewController.swift in Sources */,
				E670E04323FC0662000A3FB3 /* MemoListCellViewModel.swift in Sources */,
				E6CF442423F7CD5700D1E29A /* MemoAddContentCell.swift in Sources */,
				E65CC29024024B2A00BE004E /* MemoModifyControllerViewModel.swift in Sources */,
				E65CC29224024C7300BE004E /* MemoModifyPhotoCell.swift in Sources */,
				E65CC26F23FCFE6400BE004E /* MemoAddControllerViewModel.swift in Sources */,
				E670E03C23F97270000A3FB3 /* MemoDAO.swift in Sources */,
				E6B0566B23F66CB500825D8A /* MemoListCell.swift in Sources */,
				E65CC27C23FD1AFE00BE004E /* Tools.swift in Sources */,
				E6B0567923F6964C00825D8A /* MemoAddController.swift in Sources */,
				E6B0567623F6847200825D8A /* NavigationController.swift in Sources */,
				E6B0567E23F6CEAC00825D8A /* MemoAddPhotoCell.swift in Sources */,
				E6B0567C23F6BFD200825D8A /* MemoData.swift in Sources */,
				E670E03F23FA8DB5000A3FB3 /* MemoModifyController.swift in Sources */,
				E65CC2A52402B92700BE004E /* MemoModifyTitleCellViewModel.swift in Sources */,
				E65CC27E23FD1B1C00BE004E /* Color.swift in Sources */,
				E65CC29E24024E2C00BE004E /* ModifyPhotoNestedAddCell.swift in Sources */,
				E65CC28223FD1DC600BE004E /* MemoDetailControllerViewModel.swift in Sources */,
				E6B0566D23F66CD600825D8A /* TableViewCell.swift in Sources */,
				E6CF442723F7DBF400D1E29A /* MemoDetailController.swift in Sources */,
				E65CC28E24016C1C00BE004E /* PhotoNestedImageCellViewModel.swift in Sources */,
				E670E03623F90785000A3FB3 /* PhotoNestedAddCell.swift in Sources */,
				E65CC2A72402B93600BE004E /* MemoModifyContentCellViewModel.swift in Sources */,
				E65CC2A024024E4100BE004E /* ModifyPhotoNestedImageCellViewModel.swift in Sources */,
				E65CC29424024C9000BE004E /* MemoModifyPhotoCellViewModel.swift in Sources */,
				E670E03A23F91B7D000A3FB3 /* PhotoNestedImageCell.swift in Sources */,
				E65CC29824024D4C00BE004E /* MemoModifyContentCell.swift in Sources */,
				E65CC27523FD132C00BE004E /* PhotoNestedCell.swift in Sources */,
				E6B0568023F6CFA300825D8A /* MemoAddTitleCell.swift in Sources */,
				E6B0567423F6836D00825D8A /* Navigator.swift in Sources */,
				E68949C223F5168B009C2D8A /* LinePlusChallenge.xcdatamodeld in Sources */,
				E65CC28423FE6DF400BE004E /* MemoDetailTitleCellViewModel.swift in Sources */,
				E65CC27923FD138200BE004E /* MemoDetailContentCell.swift in Sources */,
				E68949B823F5168B009C2D8A /* AppDelegate.swift in Sources */,
				E65CC2A22402632700BE004E /* ModifyPhotoNestedImageCell.swift in Sources */,
				E65CC28C2401543C00BE004E /* PhotoNestedCellViewModel.swift in Sources */,
				E65CC29624024D1A00BE004E /* MemoModifyTitleCell.swift in Sources */,
				E670E04123FBF466000A3FB3 /* MemoListControllerViewModel.swift in Sources */,
			);
			runOnlyForDeploymentPostprocessing = 0;
		};
/* End PBXSourcesBuildPhase section */

/* Begin PBXVariantGroup section */
		E68949C523F5168C009C2D8A /* LaunchScreen.storyboard */ = {
			isa = PBXVariantGroup;
			children = (
				E68949C623F5168C009C2D8A /* Base */,
			);
			name = LaunchScreen.storyboard;
			sourceTree = "<group>";
		};
/* End PBXVariantGroup section */

/* Begin XCBuildConfiguration section */
		E68949C923F5168C009C2D8A /* Debug */ = {
			isa = XCBuildConfiguration;
			buildSettings = {
				ALWAYS_SEARCH_USER_PATHS = NO;
				CLANG_ANALYZER_NONNULL = YES;
				CLANG_ANALYZER_NUMBER_OBJECT_CONVERSION = YES_AGGRESSIVE;
				CLANG_CXX_LANGUAGE_STANDARD = "gnu++14";
				CLANG_CXX_LIBRARY = "libc++";
				CLANG_ENABLE_MODULES = YES;
				CLANG_ENABLE_OBJC_ARC = YES;
				CLANG_ENABLE_OBJC_WEAK = YES;
				CLANG_WARN_BLOCK_CAPTURE_AUTORELEASING = YES;
				CLANG_WARN_BOOL_CONVERSION = YES;
				CLANG_WARN_COMMA = YES;
				CLANG_WARN_CONSTANT_CONVERSION = YES;
				CLANG_WARN_DEPRECATED_OBJC_IMPLEMENTATIONS = YES;
				CLANG_WARN_DIRECT_OBJC_ISA_USAGE = YES_ERROR;
				CLANG_WARN_DOCUMENTATION_COMMENTS = YES;
				CLANG_WARN_EMPTY_BODY = YES;
				CLANG_WARN_ENUM_CONVERSION = YES;
				CLANG_WARN_INFINITE_RECURSION = YES;
				CLANG_WARN_INT_CONVERSION = YES;
				CLANG_WARN_NON_LITERAL_NULL_CONVERSION = YES;
				CLANG_WARN_OBJC_IMPLICIT_RETAIN_SELF = YES;
				CLANG_WARN_OBJC_LITERAL_CONVERSION = YES;
				CLANG_WARN_OBJC_ROOT_CLASS = YES_ERROR;
				CLANG_WARN_RANGE_LOOP_ANALYSIS = YES;
				CLANG_WARN_STRICT_PROTOTYPES = YES;
				CLANG_WARN_SUSPICIOUS_MOVE = YES;
				CLANG_WARN_UNGUARDED_AVAILABILITY = YES_AGGRESSIVE;
				CLANG_WARN_UNREACHABLE_CODE = YES;
				CLANG_WARN__DUPLICATE_METHOD_MATCH = YES;
				COPY_PHASE_STRIP = NO;
				DEBUG_INFORMATION_FORMAT = dwarf;
				ENABLE_STRICT_OBJC_MSGSEND = YES;
				ENABLE_TESTABILITY = YES;
				GCC_C_LANGUAGE_STANDARD = gnu11;
				GCC_DYNAMIC_NO_PIC = NO;
				GCC_NO_COMMON_BLOCKS = YES;
				GCC_OPTIMIZATION_LEVEL = 0;
				GCC_PREPROCESSOR_DEFINITIONS = (
					"DEBUG=1",
					"$(inherited)",
				);
				GCC_WARN_64_TO_32_BIT_CONVERSION = YES;
				GCC_WARN_ABOUT_RETURN_TYPE = YES_ERROR;
				GCC_WARN_UNDECLARED_SELECTOR = YES;
				GCC_WARN_UNINITIALIZED_AUTOS = YES_AGGRESSIVE;
				GCC_WARN_UNUSED_FUNCTION = YES;
				GCC_WARN_UNUSED_VARIABLE = YES;
				IPHONEOS_DEPLOYMENT_TARGET = 13.2;
				MTL_ENABLE_DEBUG_INFO = INCLUDE_SOURCE;
				MTL_FAST_MATH = YES;
				ONLY_ACTIVE_ARCH = YES;
				SDKROOT = iphoneos;
				SWIFT_ACTIVE_COMPILATION_CONDITIONS = DEBUG;
				SWIFT_OPTIMIZATION_LEVEL = "-Onone";
			};
			name = Debug;
		};
		E68949CA23F5168C009C2D8A /* Release */ = {
			isa = XCBuildConfiguration;
			buildSettings = {
				ALWAYS_SEARCH_USER_PATHS = NO;
				CLANG_ANALYZER_NONNULL = YES;
				CLANG_ANALYZER_NUMBER_OBJECT_CONVERSION = YES_AGGRESSIVE;
				CLANG_CXX_LANGUAGE_STANDARD = "gnu++14";
				CLANG_CXX_LIBRARY = "libc++";
				CLANG_ENABLE_MODULES = YES;
				CLANG_ENABLE_OBJC_ARC = YES;
				CLANG_ENABLE_OBJC_WEAK = YES;
				CLANG_WARN_BLOCK_CAPTURE_AUTORELEASING = YES;
				CLANG_WARN_BOOL_CONVERSION = YES;
				CLANG_WARN_COMMA = YES;
				CLANG_WARN_CONSTANT_CONVERSION = YES;
				CLANG_WARN_DEPRECATED_OBJC_IMPLEMENTATIONS = YES;
				CLANG_WARN_DIRECT_OBJC_ISA_USAGE = YES_ERROR;
				CLANG_WARN_DOCUMENTATION_COMMENTS = YES;
				CLANG_WARN_EMPTY_BODY = YES;
				CLANG_WARN_ENUM_CONVERSION = YES;
				CLANG_WARN_INFINITE_RECURSION = YES;
				CLANG_WARN_INT_CONVERSION = YES;
				CLANG_WARN_NON_LITERAL_NULL_CONVERSION = YES;
				CLANG_WARN_OBJC_IMPLICIT_RETAIN_SELF = YES;
				CLANG_WARN_OBJC_LITERAL_CONVERSION = YES;
				CLANG_WARN_OBJC_ROOT_CLASS = YES_ERROR;
				CLANG_WARN_RANGE_LOOP_ANALYSIS = YES;
				CLANG_WARN_STRICT_PROTOTYPES = YES;
				CLANG_WARN_SUSPICIOUS_MOVE = YES;
				CLANG_WARN_UNGUARDED_AVAILABILITY = YES_AGGRESSIVE;
				CLANG_WARN_UNREACHABLE_CODE = YES;
				CLANG_WARN__DUPLICATE_METHOD_MATCH = YES;
				COPY_PHASE_STRIP = NO;
				DEBUG_INFORMATION_FORMAT = "dwarf-with-dsym";
				ENABLE_NS_ASSERTIONS = NO;
				ENABLE_STRICT_OBJC_MSGSEND = YES;
				GCC_C_LANGUAGE_STANDARD = gnu11;
				GCC_NO_COMMON_BLOCKS = YES;
				GCC_WARN_64_TO_32_BIT_CONVERSION = YES;
				GCC_WARN_ABOUT_RETURN_TYPE = YES_ERROR;
				GCC_WARN_UNDECLARED_SELECTOR = YES;
				GCC_WARN_UNINITIALIZED_AUTOS = YES_AGGRESSIVE;
				GCC_WARN_UNUSED_FUNCTION = YES;
				GCC_WARN_UNUSED_VARIABLE = YES;
				IPHONEOS_DEPLOYMENT_TARGET = 13.2;
				MTL_ENABLE_DEBUG_INFO = NO;
				MTL_FAST_MATH = YES;
				SDKROOT = iphoneos;
				SWIFT_COMPILATION_MODE = wholemodule;
				SWIFT_OPTIMIZATION_LEVEL = "-O";
				VALIDATE_PRODUCT = YES;
			};
			name = Release;
		};
		E68949CC23F5168C009C2D8A /* Debug */ = {
			isa = XCBuildConfiguration;
			baseConfigurationReference = 5FA6419E8CD1DAA7AC2B7EEB /* Pods-LinePlusChallenge.debug.xcconfig */;
			buildSettings = {
				ASSETCATALOG_COMPILER_APPICON_NAME = AppIcon;
				CODE_SIGN_STYLE = Automatic;
				DEVELOPMENT_TEAM = C6T929VMZT;
				INFOPLIST_FILE = LinePlusChallenge/Info.plist;
				IPHONEOS_DEPLOYMENT_TARGET = 10.0;
				LD_RUNPATH_SEARCH_PATHS = (
					"$(inherited)",
					"@executable_path/Frameworks",
				);
				PRODUCT_BUNDLE_IDENTIFIER = kr.inswag.LinePlusChallenge;
				PRODUCT_NAME = "$(TARGET_NAME)";
				SWIFT_VERSION = 5.0;
				TARGETED_DEVICE_FAMILY = 1;
			};
			name = Debug;
		};
		E68949CD23F5168C009C2D8A /* Release */ = {
			isa = XCBuildConfiguration;
			baseConfigurationReference = A91438728A8D1EB02D93FF71 /* Pods-LinePlusChallenge.release.xcconfig */;
			buildSettings = {
				ASSETCATALOG_COMPILER_APPICON_NAME = AppIcon;
				CODE_SIGN_STYLE = Automatic;
				DEVELOPMENT_TEAM = C6T929VMZT;
				INFOPLIST_FILE = LinePlusChallenge/Info.plist;
				IPHONEOS_DEPLOYMENT_TARGET = 10.0;
				LD_RUNPATH_SEARCH_PATHS = (
					"$(inherited)",
					"@executable_path/Frameworks",
				);
				PRODUCT_BUNDLE_IDENTIFIER = kr.inswag.LinePlusChallenge;
				PRODUCT_NAME = "$(TARGET_NAME)";
				SWIFT_VERSION = 5.0;
				TARGETED_DEVICE_FAMILY = 1;
			};
			name = Release;
		};
/* End XCBuildConfiguration section */

/* Begin XCConfigurationList section */
		E68949AF23F5168B009C2D8A /* Build configuration list for PBXProject "LinePlusChallenge" */ = {
			isa = XCConfigurationList;
			buildConfigurations = (
				E68949C923F5168C009C2D8A /* Debug */,
				E68949CA23F5168C009C2D8A /* Release */,
			);
			defaultConfigurationIsVisible = 0;
			defaultConfigurationName = Release;
		};
		E68949CB23F5168C009C2D8A /* Build configuration list for PBXNativeTarget "LinePlusChallenge" */ = {
			isa = XCConfigurationList;
			buildConfigurations = (
				E68949CC23F5168C009C2D8A /* Debug */,
				E68949CD23F5168C009C2D8A /* Release */,
			);
			defaultConfigurationIsVisible = 0;
			defaultConfigurationName = Release;
		};
/* End XCConfigurationList section */

/* Begin XCVersionGroup section */
		E68949C023F5168B009C2D8A /* LinePlusChallenge.xcdatamodeld */ = {
			isa = XCVersionGroup;
			children = (
				E68949C123F5168B009C2D8A /* LinePlusChallenge.xcdatamodel */,
			);
			currentVersion = E68949C123F5168B009C2D8A /* LinePlusChallenge.xcdatamodel */;
			path = LinePlusChallenge.xcdatamodeld;
			sourceTree = "<group>";
			versionGroupType = wrapper.xcdatamodel;
		};
/* End XCVersionGroup section */
	};
	rootObject = E68949AC23F5168B009C2D8A /* Project object */;
}
